
Microsoft Visual Studio Solution File, Format Version 12.00
# Visual Studio Version 16
VisualStudioVersion = 16.0.31410.357
MinimumVisualStudioVersion = 10.0.40219.1
Project("{FAE04EC0-301F-11D3-BF4B-00C04F79EFBC}") = "Technology", "Technology.csproj", "{4EA9B8BA-F241-4B8E-A7A2-E9E3B2EB08AE}"
EndProject
Global
	GlobalSection(SolutionConfigurationPlatforms) = preSolution
		Debug|Any CPU = Debug|Any CPU
		Release|Any CPU = Release|Any CPU
	EndGlobalSection
	GlobalSection(ProjectConfigurationPlatforms) = postSolution
		{4EA9B8BA-F241-4B8E-A7A2-E9E3B2EB08AE}.Debug|Any CPU.ActiveCfg = Debug|Any CPU
		{4EA9B8BA-F241-4B8E-A7A2-E9E3B2EB08AE}.Debug|Any CPU.Build.0 = Debug|Any CPU
		{4EA9B8BA-F241-4B8E-A7A2-E9E3B2EB08AE}.Release|Any CPU.ActiveCfg = Release|Any CPU
		{4EA9B8BA-F241-4B8E-A7A2-E9E3B2EB08AE}.Release|Any CPU.Build.0 = Release|Any CPU
	EndGlobalSection
	GlobalSection(SolutionProperties) = preSolution
		HideSolutionNode = FALSE
	EndGlobalSection
	GlobalSection(ExtensibilityGlobals) = postSolution
		SolutionGuid = {38546D88-A182-4252-B245-3B98E530F482}
	EndGlobalSection
EndGlobal
